<Solution>
  <Project Path="../CarRental_business/CarRental_business.csproj" Id="efd37042-6a87-4933-9693-b0515c471dbb" />
  <Project Path="../CarRental_DataAccess/CarRental_DataAccess.csproj" Id="fd82c2ce-1db8-41cf-a3e4-90affe2e4cfd" />
  <Project Path="CarRental.csproj" Id="6b339f7d-2a05-4421-8e1f-32370406237d" />
</Solution>
